{
  "pins" : [
    {
      "identity" : "swiftanthropic",
      "kind" : "remoteSourceControl",
      "location" : "https://github.com/jamesrochabrun/SwiftAnthropic",
      "state" : {
        "branch" : "main",
        "revision" : "bdf0a66e569fc2455b034ca091b9670a79a33b1f"
      }
    },
    {
      "identity" : "swiftopenai",
      "kind" : "remoteSourceControl",
      "location" : "https://github.com/jamesrochabrun/SwiftOpenAI",
      "state" : {
        "branch" : "main",
        "revision" : "6f1a8dd2e3de348291c8565e04ef2bb59c4a8a0e"
      }
    }
  ],
  "version" : 2
}
