{
  "pins" : [
    {
      "identity" : "swiftanthropic",
      "kind" : "remoteSourceControl",
      "location" : "https://github.com/jamesrochabrun/SwiftAnthropic",
      "state" : {
        "branch" : "main",
        "revision" : "7262ced65e890ea5311193b849786344432d8fa7"
      }
    },
    {
      "identity" : "swiftopenai",
      "kind" : "remoteSourceControl",
      "location" : "https://github.com/jamesrochabrun/SwiftOpenAI",
      "state" : {
        "branch" : "main",
        "revision" : "25c73a4ce4bf05e1d75a3b405e677f8c022488cf"
      }
    }
  ],
  "version" : 2
}
