{
  "pins" : [
    {
      "identity" : "generative-ai-swift",
      "kind" : "remoteSourceControl",
      "location" : "https://github.com/google/generative-ai-swift",
      "state" : {
        "branch" : "main",
        "revision" : "54784005b57c2235a7669e0c12e8dafa68f0ca5f"
      }
    },
    {
      "identity" : "swiftanthropic",
      "kind" : "remoteSourceControl",
      "location" : "https://github.com/jamesrochabrun/SwiftAnthropic",
      "state" : {
        "branch" : "main",
        "revision" : "7fecba04ab44cf2acacc239f4198facf1b072df3"
      }
    },
    {
      "identity" : "swiftopenai",
      "kind" : "remoteSourceControl",
      "location" : "https://github.com/jamesrochabrun/SwiftOpenAI",
      "state" : {
        "branch" : "main",
        "revision" : "6bc5fe0f6f715f3eca4ea11b85e7f9bd5e5485ce"
      }
    }
  ],
  "version" : 2
}
