{
  "pins" : [
    {
      "identity" : "generative-ai-swift",
      "kind" : "remoteSourceControl",
      "location" : "https://github.com/google/generative-ai-swift",
      "state" : {
        "branch" : "main",
        "revision" : "fcc1084ec87f66b8a12a4bc087e16f9ed5ae41c2"
      }
    },
    {
      "identity" : "swiftanthropic",
      "kind" : "remoteSourceControl",
      "location" : "https://github.com/jamesrochabrun/SwiftAnthropic",
      "state" : {
        "branch" : "main",
        "revision" : "13c7638739b56f6207ae6f397bed954ea15f0388"
      }
    },
    {
      "identity" : "swiftopenai",
      "kind" : "remoteSourceControl",
      "location" : "https://github.com/jamesrochabrun/SwiftOpenAI",
      "state" : {
        "branch" : "main",
        "revision" : "3bf66a9b1af1b2e1cf6af051f198db37f8f2fbaa"
      }
    }
  ],
  "version" : 2
}
